
Microsoft Visual Studio Solution File, Format Version 12.00
# Visual Studio Version 16
VisualStudioVersion = 16.0.30114.105
MinimumVisualStudioVersion = 10.0.40219.1
Project("{FAE04EC0-301F-11D3-BF4B-00C04F79EFBC}") = "Domain", "Domain\Domain.csproj", "{E794435C-916F-4AE4-A0BF-F90579BF8E0A}"
EndProject
Project("{FAE04EC0-301F-11D3-BF4B-00C04F79EFBC}") = "Infra", "Infra\Infra.csproj", "{82D5BEFD-5A05-4283-BE37-1E8570B324D8}"
EndProject
Project("{FAE04EC0-301F-11D3-BF4B-00C04F79EFBC}") = "Tests", "Tests\Tests.csproj", "{473C036C-0F86-4174-BD01-679111B22353}"
EndProject
Project("{FAE04EC0-301F-11D3-BF4B-00C04F79EFBC}") = "Api", "Api\Api.csproj", "{86D2618F-288C-4CBB-A843-35ED1DC03EB9}"
EndProject
Global
	GlobalSection(SolutionConfigurationPlatforms) = preSolution
		Debug|Any CPU = Debug|Any CPU
		Release|Any CPU = Release|Any CPU
	EndGlobalSection
	GlobalSection(SolutionProperties) = preSolution
		HideSolutionNode = FALSE
	EndGlobalSection
	GlobalSection(ProjectConfigurationPlatforms) = postSolution
		{E794435C-916F-4AE4-A0BF-F90579BF8E0A}.Debug|Any CPU.ActiveCfg = Debug|Any CPU
		{E794435C-916F-4AE4-A0BF-F90579BF8E0A}.Debug|Any CPU.Build.0 = Debug|Any CPU
		{E794435C-916F-4AE4-A0BF-F90579BF8E0A}.Release|Any CPU.ActiveCfg = Release|Any CPU
		{E794435C-916F-4AE4-A0BF-F90579BF8E0A}.Release|Any CPU.Build.0 = Release|Any CPU
		{82D5BEFD-5A05-4283-BE37-1E8570B324D8}.Debug|Any CPU.ActiveCfg = Debug|Any CPU
		{82D5BEFD-5A05-4283-BE37-1E8570B324D8}.Debug|Any CPU.Build.0 = Debug|Any CPU
		{82D5BEFD-5A05-4283-BE37-1E8570B324D8}.Release|Any CPU.ActiveCfg = Release|Any CPU
		{82D5BEFD-5A05-4283-BE37-1E8570B324D8}.Release|Any CPU.Build.0 = Release|Any CPU
		{473C036C-0F86-4174-BD01-679111B22353}.Debug|Any CPU.ActiveCfg = Debug|Any CPU
		{473C036C-0F86-4174-BD01-679111B22353}.Debug|Any CPU.Build.0 = Debug|Any CPU
		{473C036C-0F86-4174-BD01-679111B22353}.Release|Any CPU.ActiveCfg = Release|Any CPU
		{473C036C-0F86-4174-BD01-679111B22353}.Release|Any CPU.Build.0 = Release|Any CPU
		{86D2618F-288C-4CBB-A843-35ED1DC03EB9}.Debug|Any CPU.ActiveCfg = Debug|Any CPU
		{86D2618F-288C-4CBB-A843-35ED1DC03EB9}.Debug|Any CPU.Build.0 = Debug|Any CPU
		{86D2618F-288C-4CBB-A843-35ED1DC03EB9}.Release|Any CPU.ActiveCfg = Release|Any CPU
		{86D2618F-288C-4CBB-A843-35ED1DC03EB9}.Release|Any CPU.Build.0 = Release|Any CPU
	EndGlobalSection
EndGlobal
